last_updated = 2026-02-23T15:41:14.656953+01:00

[[skills]]
  name = "skill-creator"
  description = "Guide for creating effective skills. This skill should be used when users want to create a new skill (or update an existing skill) that extends Codex's capabilities with specialized knowledge, workflows, or tool integrations."
  path = ".antigravity/skills/skill-creator"
  remote_repo = "https://github.com/openai/skills/tree/main"
  remote_root = "skills"
  remote_path = ".system/skill-creator"
  commit_hash = "2c9ebb321958f64aa9414b46e4240901e2b9e1a9"
  tree_hash = ""
  installed_at = 2026-02-09T17:16:51.359976+01:00
  updated_at = 2026-02-23T12:52:58.845339+01:00

[[skills]]
  name = "netlify-deploy"
  description = "Deploy web projects to Netlify using the Netlify CLI (`npx netlify`). Use when the user asks to deploy, host, publish, or link a site/repo on Netlify, including preview and production deploys."
  path = ".antigravity/skills/netlify-deploy"
  remote_repo = "https://github.com/openai/skills/tree/main/skills"
  remote_root = "skills"
  remote_path = ".curated/netlify-deploy"
  commit_hash = "2c9ebb321958f64aa9414b46e4240901e2b9e1a9"
  tree_hash = ""
  installed_at = 2026-02-11T10:57:35.313905+01:00
  updated_at = 2026-02-23T12:52:58.48613+01:00

[[skills]]
  name = "notion-knowledge-capture"
  description = "Capture conversations and decisions into structured Notion pages; use when turning chats/notes into wiki entries, how-tos, decisions, or FAQs with proper linking."
  path = ".antigravity/skills/notion-knowledge-capture"
  remote_repo = "https://github.com/openai/skills/tree/main/skills"
  remote_root = "skills"
  remote_path = ".curated/notion-knowledge-capture"
  commit_hash = "2c9ebb321958f64aa9414b46e4240901e2b9e1a9"
  tree_hash = ""
  installed_at = 2026-02-11T10:57:35.31678+01:00
  updated_at = 2026-02-23T12:52:58.549113+01:00

[[skills]]
  name = "golang-pro"
  description = "Use when building Go applications requiring concurrent programming, microservices architecture, or high-performance systems. Invoke for goroutines, channels, Go generics, gRPC integration."
  path = ".vscode/skills/golang-pro"
  remote_repo = "https://github.com/Jeffallan/claude-skills"
  remote_root = "skills"
  remote_path = "golang-pro"
  commit_hash = "77037f2d384baea59d97fdd7b43d9a855babc444"
  tree_hash = ""
  installed_at = 2026-02-23T15:14:04.349257+01:00
  updated_at = 2026-02-23T15:14:28.884218+01:00
